
Microsoft Visual Studio Solution File, Format Version 12.00
# Visual Studio Version 17
VisualStudioVersion = 17.5.002.0
MinimumVisualStudioVersion = 10.0.40219.1
Project("{9A19103F-16F7-4668-BE54-9A1E7A4F7556}") = "Instance, Field, Property", "Instance, Field, Property.csproj", "{9DC35CD6-FFE4-492B-AAC1-4823F1C58767}"
EndProject
Global
	GlobalSection(SolutionConfigurationPlatforms) = preSolution
		Debug|Any CPU = Debug|Any CPU
		Release|Any CPU = Release|Any CPU
	EndGlobalSection
	GlobalSection(ProjectConfigurationPlatforms) = postSolution
		{9DC35CD6-FFE4-492B-AAC1-4823F1C58767}.Debug|Any CPU.ActiveCfg = Debug|Any CPU
		{9DC35CD6-FFE4-492B-AAC1-4823F1C58767}.Debug|Any CPU.Build.0 = Debug|Any CPU
		{9DC35CD6-FFE4-492B-AAC1-4823F1C58767}.Release|Any CPU.ActiveCfg = Release|Any CPU
		{9DC35CD6-FFE4-492B-AAC1-4823F1C58767}.Release|Any CPU.Build.0 = Release|Any CPU
	EndGlobalSection
	GlobalSection(SolutionProperties) = preSolution
		HideSolutionNode = FALSE
	EndGlobalSection
	GlobalSection(ExtensibilityGlobals) = postSolution
		SolutionGuid = {77F5B8CF-53F8-49DE-9F2A-AED7FAB32BE2}
	EndGlobalSection
EndGlobal
